
Microsoft Visual Studio Solution File, Format Version 12.00
# Visual Studio Version 16
VisualStudioVersion = 16.0.31129.286
MinimumVisualStudioVersion = 10.0.40219.1
Project("{FAE04EC0-301F-11D3-BF4B-00C04F79EFBC}") = "third_lab", "third_lab\third_lab.csproj", "{23261D6A-26B5-4D29-B59E-5670AB82C0E5}"
EndProject
Global
	GlobalSection(SolutionConfigurationPlatforms) = preSolution
		Debug|Any CPU = Debug|Any CPU
		Release|Any CPU = Release|Any CPU
	EndGlobalSection
	GlobalSection(ProjectConfigurationPlatforms) = postSolution
		{23261D6A-26B5-4D29-B59E-5670AB82C0E5}.Debug|Any CPU.ActiveCfg = Debug|Any CPU
		{23261D6A-26B5-4D29-B59E-5670AB82C0E5}.Debug|Any CPU.Build.0 = Debug|Any CPU
		{23261D6A-26B5-4D29-B59E-5670AB82C0E5}.Release|Any CPU.ActiveCfg = Release|Any CPU
		{23261D6A-26B5-4D29-B59E-5670AB82C0E5}.Release|Any CPU.Build.0 = Release|Any CPU
	EndGlobalSection
	GlobalSection(SolutionProperties) = preSolution
		HideSolutionNode = FALSE
	EndGlobalSection
	GlobalSection(ExtensibilityGlobals) = postSolution
		SolutionGuid = {763067B2-209C-469B-9B2F-E35E36E86A1B}
	EndGlobalSection
EndGlobal
